
Microsoft Visual Studio Solution File, Format Version 12.00
# Visual Studio 2013
VisualStudioVersion = 12.0.30501.0
MinimumVisualStudioVersion = 10.0.40219.1
Project("{FAE04EC0-301F-11D3-BF4B-00C04F79EFBC}") = "Projects.Website", "Website\Projects.Website.csproj", "{70542611-F8F3-4D55-A491-0E23AE0A10AF}"
EndProject
Project("{CAA73BB0-EF22-4D79-A57E-DF67B3BA9C80}") = "Projects.Reboot.TDS", "Reboot.TDS\Projects.Reboot.TDS.scproj", "{D79F471C-D93D-4048-BAEE-7E7779AF9732}"
EndProject
Project("{CAA73BB0-EF22-4D79-A57E-DF67B3BA9C80}") = "Projects.Common.TDS", "Common.TDS\Projects.Common.TDS.scproj", "{1E17705A-A3BA-4BB1-B8BB-8CA7F9FB34C9}"
EndProject
Project("{FAE04EC0-301F-11D3-BF4B-00C04F79EFBC}") = "Projects.Common.Models", "Common.Models\Projects.Common.Models.csproj", "{A22ADD22-D533-4CDE-A405-50621AA4A253}"
EndProject
Project("{2150E333-8FDC-42A3-9474-1A3956D46DE8}") = "Common", "Common", "{B12B08F7-77C4-4921-BC46-7CA72CD90C72}"
EndProject
Project("{FAE04EC0-301F-11D3-BF4B-00C04F79EFBC}") = "Projects.Reboot.Models", "Reboot.Models\Projects.Reboot.Models.csproj", "{7CC97693-C9C8-4BDD-8911-50D69069C545}"
EndProject
Project("{2150E333-8FDC-42A3-9474-1A3956D46DE8}") = ".nuget", ".nuget", "{1FEA8489-8E2E-4EBE-8B0B-CC3804513895}"
	ProjectSection(SolutionItems) = preProject
		.nuget\NuGet.Config = .nuget\NuGet.Config
		.nuget\NuGet.exe = .nuget\NuGet.exe
		.nuget\NuGet.targets = .nuget\NuGet.targets
	EndProjectSection
EndProject
Project("{2150E333-8FDC-42A3-9474-1A3956D46DE8}") = "DataMigration", "DataMigration", "{02ADE915-3D22-4B70-968F-D11398DEA6E0}"
EndProject
Project("{FAE04EC0-301F-11D3-BF4B-00C04F79EFBC}") = "Projects.Reboot.DataMigration", "Reboot.DataMigration\Projects.Reboot.DataMigration.csproj", "{602FBF8E-E0A1-4835-BCD7-833CEDF58C3A}"
EndProject
Project("{FAE04EC0-301F-11D3-BF4B-00C04F79EFBC}") = "Projects.Reboot.Core", "Reboot.Core\Projects.Reboot.Core.csproj", "{794116F3-D034-4856-B896-8C95CF9B0CDA}"
EndProject
Project("{FAE04EC0-301F-11D3-BF4B-00C04F79EFBC}") = "Projects.Common.Utils", "Common.Utils\Projects.Common.Utils.csproj", "{5A8B0C0D-1533-404F-BDA6-73627A3B008F}"
EndProject
Project("{FAE04EC0-301F-11D3-BF4B-00C04F79EFBC}") = "Projects.Common.Contracts", "Common.Contracts\Projects.Common.Contracts.csproj", "{D2A136DA-97A9-4C46-8100-2727B3970AF9}"
EndProject
Project("{FAE04EC0-301F-11D3-BF4B-00C04F79EFBC}") = "Projects.Reboot.Common", "Reboot.Services\Projects.Reboot.Common.csproj", "{CF715D87-DB60-42FA-A4ED-352E37D81C9B}"
EndProject
Project("{CAA73BB0-EF22-4D79-A57E-DF67B3BA9C80}") = "Reboot.Core.TDS", "Reboot.Core.TDS\Reboot.Core.TDS.scproj", "{C7253168-CE23-4D40-BD1E-A0F851F0C4EA}"
EndProject
Project("{FAE04EC0-301F-11D3-BF4B-00C04F79EFBC}") = "Projects.Common.Glass", "Projects.Common.Glass\Projects.Common.Glass.csproj", "{6F9D0A8D-1A19-486B-973C-E60B73B9664F}"
EndProject
Project("{FAE04EC0-301F-11D3-BF4B-00C04F79EFBC}") = "Projects.Reboot.Services", "Projects.Reboot.Services\Projects.Reboot.Services.csproj", "{08CF64D6-4798-46AA-BF88-19AA65C34672}"
EndProject
Project("{FAE04EC0-301F-11D3-BF4B-00C04F79EFBC}") = "Projects.Reboot.Contracts", "Projects.Reboot.Contracts\Projects.Reboot.Contracts.csproj", "{145E43A6-541D-45FA-AA4A-762586FFB28A}"
EndProject
Global
	GlobalSection(SolutionConfigurationPlatforms) = preSolution
		Debug|Any CPU = Debug|Any CPU
		Release|Any CPU = Release|Any CPU
	EndGlobalSection
	GlobalSection(ProjectConfigurationPlatforms) = postSolution
		{70542611-F8F3-4D55-A491-0E23AE0A10AF}.Debug|Any CPU.ActiveCfg = Debug|Any CPU
		{70542611-F8F3-4D55-A491-0E23AE0A10AF}.Debug|Any CPU.Build.0 = Debug|Any CPU
		{70542611-F8F3-4D55-A491-0E23AE0A10AF}.Release|Any CPU.ActiveCfg = Release|Any CPU
		{70542611-F8F3-4D55-A491-0E23AE0A10AF}.Release|Any CPU.Build.0 = Release|Any CPU
		{D79F471C-D93D-4048-BAEE-7E7779AF9732}.Debug|Any CPU.ActiveCfg = Debug|Any CPU
		{D79F471C-D93D-4048-BAEE-7E7779AF9732}.Debug|Any CPU.Build.0 = Debug|Any CPU
		{D79F471C-D93D-4048-BAEE-7E7779AF9732}.Debug|Any CPU.Deploy.0 = Debug|Any CPU
		{D79F471C-D93D-4048-BAEE-7E7779AF9732}.Release|Any CPU.ActiveCfg = Release|Any CPU
		{D79F471C-D93D-4048-BAEE-7E7779AF9732}.Release|Any CPU.Build.0 = Release|Any CPU
		{D79F471C-D93D-4048-BAEE-7E7779AF9732}.Release|Any CPU.Deploy.0 = Release|Any CPU
		{1E17705A-A3BA-4BB1-B8BB-8CA7F9FB34C9}.Debug|Any CPU.ActiveCfg = Debug|Any CPU
		{1E17705A-A3BA-4BB1-B8BB-8CA7F9FB34C9}.Debug|Any CPU.Build.0 = Debug|Any CPU
		{1E17705A-A3BA-4BB1-B8BB-8CA7F9FB34C9}.Debug|Any CPU.Deploy.0 = Debug|Any CPU
		{1E17705A-A3BA-4BB1-B8BB-8CA7F9FB34C9}.Release|Any CPU.ActiveCfg = Release|Any CPU
		{1E17705A-A3BA-4BB1-B8BB-8CA7F9FB34C9}.Release|Any CPU.Build.0 = Release|Any CPU
		{1E17705A-A3BA-4BB1-B8BB-8CA7F9FB34C9}.Release|Any CPU.Deploy.0 = Release|Any CPU
		{A22ADD22-D533-4CDE-A405-50621AA4A253}.Debug|Any CPU.ActiveCfg = Debug|Any CPU
		{A22ADD22-D533-4CDE-A405-50621AA4A253}.Debug|Any CPU.Build.0 = Debug|Any CPU
		{A22ADD22-D533-4CDE-A405-50621AA4A253}.Release|Any CPU.ActiveCfg = Release|Any CPU
		{A22ADD22-D533-4CDE-A405-50621AA4A253}.Release|Any CPU.Build.0 = Release|Any CPU
		{7CC97693-C9C8-4BDD-8911-50D69069C545}.Debug|Any CPU.ActiveCfg = Debug|Any CPU
		{7CC97693-C9C8-4BDD-8911-50D69069C545}.Debug|Any CPU.Build.0 = Debug|Any CPU
		{7CC97693-C9C8-4BDD-8911-50D69069C545}.Release|Any CPU.ActiveCfg = Release|Any CPU
		{7CC97693-C9C8-4BDD-8911-50D69069C545}.Release|Any CPU.Build.0 = Release|Any CPU
		{602FBF8E-E0A1-4835-BCD7-833CEDF58C3A}.Debug|Any CPU.ActiveCfg = Debug|Any CPU
		{602FBF8E-E0A1-4835-BCD7-833CEDF58C3A}.Debug|Any CPU.Build.0 = Debug|Any CPU
		{602FBF8E-E0A1-4835-BCD7-833CEDF58C3A}.Release|Any CPU.ActiveCfg = Release|Any CPU
		{602FBF8E-E0A1-4835-BCD7-833CEDF58C3A}.Release|Any CPU.Build.0 = Release|Any CPU
		{794116F3-D034-4856-B896-8C95CF9B0CDA}.Debug|Any CPU.ActiveCfg = Debug|Any CPU
		{794116F3-D034-4856-B896-8C95CF9B0CDA}.Debug|Any CPU.Build.0 = Debug|Any CPU
		{794116F3-D034-4856-B896-8C95CF9B0CDA}.Release|Any CPU.ActiveCfg = Release|Any CPU
		{794116F3-D034-4856-B896-8C95CF9B0CDA}.Release|Any CPU.Build.0 = Release|Any CPU
		{5A8B0C0D-1533-404F-BDA6-73627A3B008F}.Debug|Any CPU.ActiveCfg = Debug|Any CPU
		{5A8B0C0D-1533-404F-BDA6-73627A3B008F}.Debug|Any CPU.Build.0 = Debug|Any CPU
		{5A8B0C0D-1533-404F-BDA6-73627A3B008F}.Release|Any CPU.ActiveCfg = Release|Any CPU
		{5A8B0C0D-1533-404F-BDA6-73627A3B008F}.Release|Any CPU.Build.0 = Release|Any CPU
		{D2A136DA-97A9-4C46-8100-2727B3970AF9}.Debug|Any CPU.ActiveCfg = Debug|Any CPU
		{D2A136DA-97A9-4C46-8100-2727B3970AF9}.Debug|Any CPU.Build.0 = Debug|Any CPU
		{D2A136DA-97A9-4C46-8100-2727B3970AF9}.Release|Any CPU.ActiveCfg = Release|Any CPU
		{D2A136DA-97A9-4C46-8100-2727B3970AF9}.Release|Any CPU.Build.0 = Release|Any CPU
		{CF715D87-DB60-42FA-A4ED-352E37D81C9B}.Debug|Any CPU.ActiveCfg = Debug|Any CPU
		{CF715D87-DB60-42FA-A4ED-352E37D81C9B}.Debug|Any CPU.Build.0 = Debug|Any CPU
		{CF715D87-DB60-42FA-A4ED-352E37D81C9B}.Release|Any CPU.ActiveCfg = Release|Any CPU
		{CF715D87-DB60-42FA-A4ED-352E37D81C9B}.Release|Any CPU.Build.0 = Release|Any CPU
		{C7253168-CE23-4D40-BD1E-A0F851F0C4EA}.Debug|Any CPU.ActiveCfg = Debug|Any CPU
		{C7253168-CE23-4D40-BD1E-A0F851F0C4EA}.Debug|Any CPU.Build.0 = Debug|Any CPU
		{C7253168-CE23-4D40-BD1E-A0F851F0C4EA}.Debug|Any CPU.Deploy.0 = Debug|Any CPU
		{C7253168-CE23-4D40-BD1E-A0F851F0C4EA}.Release|Any CPU.ActiveCfg = Release|Any CPU
		{C7253168-CE23-4D40-BD1E-A0F851F0C4EA}.Release|Any CPU.Build.0 = Release|Any CPU
		{C7253168-CE23-4D40-BD1E-A0F851F0C4EA}.Release|Any CPU.Deploy.0 = Release|Any CPU
		{6F9D0A8D-1A19-486B-973C-E60B73B9664F}.Debug|Any CPU.ActiveCfg = Debug|Any CPU
		{6F9D0A8D-1A19-486B-973C-E60B73B9664F}.Debug|Any CPU.Build.0 = Debug|Any CPU
		{6F9D0A8D-1A19-486B-973C-E60B73B9664F}.Release|Any CPU.ActiveCfg = Release|Any CPU
		{6F9D0A8D-1A19-486B-973C-E60B73B9664F}.Release|Any CPU.Build.0 = Release|Any CPU
		{08CF64D6-4798-46AA-BF88-19AA65C34672}.Debug|Any CPU.ActiveCfg = Debug|Any CPU
		{08CF64D6-4798-46AA-BF88-19AA65C34672}.Debug|Any CPU.Build.0 = Debug|Any CPU
		{08CF64D6-4798-46AA-BF88-19AA65C34672}.Release|Any CPU.ActiveCfg = Release|Any CPU
		{08CF64D6-4798-46AA-BF88-19AA65C34672}.Release|Any CPU.Build.0 = Release|Any CPU
		{145E43A6-541D-45FA-AA4A-762586FFB28A}.Debug|Any CPU.ActiveCfg = Debug|Any CPU
		{145E43A6-541D-45FA-AA4A-762586FFB28A}.Debug|Any CPU.Build.0 = Debug|Any CPU
		{145E43A6-541D-45FA-AA4A-762586FFB28A}.Release|Any CPU.ActiveCfg = Release|Any CPU
		{145E43A6-541D-45FA-AA4A-762586FFB28A}.Release|Any CPU.Build.0 = Release|Any CPU
	EndGlobalSection
	GlobalSection(SolutionProperties) = preSolution
		HideSolutionNode = FALSE
	EndGlobalSection
	GlobalSection(NestedProjects) = preSolution
		{1E17705A-A3BA-4BB1-B8BB-8CA7F9FB34C9} = {B12B08F7-77C4-4921-BC46-7CA72CD90C72}
		{A22ADD22-D533-4CDE-A405-50621AA4A253} = {B12B08F7-77C4-4921-BC46-7CA72CD90C72}
		{602FBF8E-E0A1-4835-BCD7-833CEDF58C3A} = {02ADE915-3D22-4B70-968F-D11398DEA6E0}
		{5A8B0C0D-1533-404F-BDA6-73627A3B008F} = {B12B08F7-77C4-4921-BC46-7CA72CD90C72}
		{D2A136DA-97A9-4C46-8100-2727B3970AF9} = {B12B08F7-77C4-4921-BC46-7CA72CD90C72}
		{6F9D0A8D-1A19-486B-973C-E60B73B9664F} = {B12B08F7-77C4-4921-BC46-7CA72CD90C72}
	EndGlobalSection
EndGlobal
